
Microsoft Visual Studio Solution File, Format Version 12.00
# Visual Studio Version 17
VisualStudioVersion = 17.5.33516.290
MinimumVisualStudioVersion = 10.0.40219.1
Project("{9A19103F-16F7-4668-BE54-9A1E7A4F7556}") = "RxBlazorLightCore", "RxBlazorLightCore\RxBlazorLightCore.csproj", "{72C03536-9A0D-444D-BD35-346672CAAA1E}"
EndProject
Project("{9A19103F-16F7-4668-BE54-9A1E7A4F7556}") = "RxMudBlazorLight", "RxMudBlazorLight\RxMudBlazorLight.csproj", "{0441C22D-02FC-4B54-BE53-D3F32EF779CE}"
EndProject
Project("{9A19103F-16F7-4668-BE54-9A1E7A4F7556}") = "RxMudBlazorLightTests", "RxMudBlazorLightTests\RxMudBlazorLightTests.csproj", "{F15C97D9-B35A-41DC-B32E-751357106EC2}"
EndProject
Project("{9A19103F-16F7-4668-BE54-9A1E7A4F7556}") = "RxMudBlazorLightTestBase", "RxMudBlazorLightTestBase\RxMudBlazorLightTestBase.csproj", "{600C1493-DE8C-47A9-99CC-19EE49ECAB6F}"
EndProject
Project("{9A19103F-16F7-4668-BE54-9A1E7A4F7556}") = "RxMudBlazorLightSample", "RxMudBlazorLightSample\RxMudBlazorLightSample.csproj", "{ED0AFCB2-A7DC-48F8-9E99-A66493925FD8}"
EndProject
Project("{2150E333-8FDC-42A3-9474-1A3956D46DE8}") = "MudBlazor", "MudBlazor", "{C85312B7-35B0-4DF6-86C7-6554E54BC5AF}"
EndProject
Project("{9A19103F-16F7-4668-BE54-9A1E7A4F7556}") = "RxBlazorLightCoreTests", "RxBlazorLightCoreTests\RxBlazorLightCoreTests.csproj", "{E98FCD4C-AEA9-4F97-923B-5D0D466CA070}"
EndProject
Project("{9A19103F-16F7-4668-BE54-9A1E7A4F7556}") = "RxBlazorLightCoreTest", "RxBlazorLightCoreTest\RxBlazorLightCoreTest.csproj", "{E4740658-D4CA-4C00-99B0-D24E02C8558B}"
EndProject
Project("{9A19103F-16F7-4668-BE54-9A1E7A4F7556}") = "RxBlazorLightCoreTestBase", "RxBlazorLightCoreTestBase\RxBlazorLightCoreTestBase.csproj", "{6667074D-E22F-428B-A11E-97D71ED3D82E}"
EndProject
Global
	GlobalSection(SolutionConfigurationPlatforms) = preSolution
		Debug|Any CPU = Debug|Any CPU
		Release|Any CPU = Release|Any CPU
	EndGlobalSection
	GlobalSection(ProjectConfigurationPlatforms) = postSolution
		{72C03536-9A0D-444D-BD35-346672CAAA1E}.Debug|Any CPU.ActiveCfg = Debug|Any CPU
		{72C03536-9A0D-444D-BD35-346672CAAA1E}.Debug|Any CPU.Build.0 = Debug|Any CPU
		{72C03536-9A0D-444D-BD35-346672CAAA1E}.Release|Any CPU.ActiveCfg = Release|Any CPU
		{72C03536-9A0D-444D-BD35-346672CAAA1E}.Release|Any CPU.Build.0 = Release|Any CPU
		{0441C22D-02FC-4B54-BE53-D3F32EF779CE}.Debug|Any CPU.ActiveCfg = Debug|Any CPU
		{0441C22D-02FC-4B54-BE53-D3F32EF779CE}.Debug|Any CPU.Build.0 = Debug|Any CPU
		{0441C22D-02FC-4B54-BE53-D3F32EF779CE}.Release|Any CPU.ActiveCfg = Release|Any CPU
		{0441C22D-02FC-4B54-BE53-D3F32EF779CE}.Release|Any CPU.Build.0 = Release|Any CPU
		{F15C97D9-B35A-41DC-B32E-751357106EC2}.Debug|Any CPU.ActiveCfg = Debug|Any CPU
		{F15C97D9-B35A-41DC-B32E-751357106EC2}.Debug|Any CPU.Build.0 = Debug|Any CPU
		{F15C97D9-B35A-41DC-B32E-751357106EC2}.Release|Any CPU.ActiveCfg = Release|Any CPU
		{F15C97D9-B35A-41DC-B32E-751357106EC2}.Release|Any CPU.Build.0 = Release|Any CPU
		{600C1493-DE8C-47A9-99CC-19EE49ECAB6F}.Debug|Any CPU.ActiveCfg = Debug|Any CPU
		{600C1493-DE8C-47A9-99CC-19EE49ECAB6F}.Debug|Any CPU.Build.0 = Debug|Any CPU
		{600C1493-DE8C-47A9-99CC-19EE49ECAB6F}.Release|Any CPU.ActiveCfg = Release|Any CPU
		{600C1493-DE8C-47A9-99CC-19EE49ECAB6F}.Release|Any CPU.Build.0 = Release|Any CPU
		{ED0AFCB2-A7DC-48F8-9E99-A66493925FD8}.Debug|Any CPU.ActiveCfg = Debug|Any CPU
		{ED0AFCB2-A7DC-48F8-9E99-A66493925FD8}.Debug|Any CPU.Build.0 = Debug|Any CPU
		{ED0AFCB2-A7DC-48F8-9E99-A66493925FD8}.Release|Any CPU.ActiveCfg = Release|Any CPU
		{ED0AFCB2-A7DC-48F8-9E99-A66493925FD8}.Release|Any CPU.Build.0 = Release|Any CPU
		{E98FCD4C-AEA9-4F97-923B-5D0D466CA070}.Debug|Any CPU.ActiveCfg = Debug|Any CPU
		{E98FCD4C-AEA9-4F97-923B-5D0D466CA070}.Debug|Any CPU.Build.0 = Debug|Any CPU
		{E98FCD4C-AEA9-4F97-923B-5D0D466CA070}.Release|Any CPU.ActiveCfg = Release|Any CPU
		{E98FCD4C-AEA9-4F97-923B-5D0D466CA070}.Release|Any CPU.Build.0 = Release|Any CPU
		{E4740658-D4CA-4C00-99B0-D24E02C8558B}.Debug|Any CPU.ActiveCfg = Debug|Any CPU
		{E4740658-D4CA-4C00-99B0-D24E02C8558B}.Debug|Any CPU.Build.0 = Debug|Any CPU
		{E4740658-D4CA-4C00-99B0-D24E02C8558B}.Release|Any CPU.ActiveCfg = Release|Any CPU
		{E4740658-D4CA-4C00-99B0-D24E02C8558B}.Release|Any CPU.Build.0 = Release|Any CPU
		{6667074D-E22F-428B-A11E-97D71ED3D82E}.Debug|Any CPU.ActiveCfg = Debug|Any CPU
		{6667074D-E22F-428B-A11E-97D71ED3D82E}.Debug|Any CPU.Build.0 = Debug|Any CPU
		{6667074D-E22F-428B-A11E-97D71ED3D82E}.Release|Any CPU.ActiveCfg = Release|Any CPU
		{6667074D-E22F-428B-A11E-97D71ED3D82E}.Release|Any CPU.Build.0 = Release|Any CPU
	EndGlobalSection
	GlobalSection(SolutionProperties) = preSolution
		HideSolutionNode = FALSE
	EndGlobalSection
	GlobalSection(NestedProjects) = preSolution
		{0441C22D-02FC-4B54-BE53-D3F32EF779CE} = {C85312B7-35B0-4DF6-86C7-6554E54BC5AF}
		{F15C97D9-B35A-41DC-B32E-751357106EC2} = {C85312B7-35B0-4DF6-86C7-6554E54BC5AF}
		{600C1493-DE8C-47A9-99CC-19EE49ECAB6F} = {C85312B7-35B0-4DF6-86C7-6554E54BC5AF}
		{ED0AFCB2-A7DC-48F8-9E99-A66493925FD8} = {C85312B7-35B0-4DF6-86C7-6554E54BC5AF}
	EndGlobalSection
	GlobalSection(ExtensibilityGlobals) = postSolution
		SolutionGuid = {9FD4EE13-76CA-43D3-8432-A0DFEDDB84F9}
	EndGlobalSection
EndGlobal
